
Microsoft Visual Studio Solution File, Format Version 12.00
# Visual Studio Version 17
VisualStudioVersion = 17.5.33516.290
MinimumVisualStudioVersion = 10.0.40219.1
Project("{FAE04EC0-301F-11D3-BF4B-00C04F79EFBC}") = "SteamfinityCloud", "SteamfinityCloud.csproj", "{1B08A1E4-FA42-4A52-A71C-A42FB56313B2}"
EndProject
Global
	GlobalSection(SolutionConfigurationPlatforms) = preSolution
		Debug|Any CPU = Debug|Any CPU
		Release|Any CPU = Release|Any CPU
	EndGlobalSection
	GlobalSection(ProjectConfigurationPlatforms) = postSolution
		{1B08A1E4-FA42-4A52-A71C-A42FB56313B2}.Debug|Any CPU.ActiveCfg = Debug|Any CPU
		{1B08A1E4-FA42-4A52-A71C-A42FB56313B2}.Debug|Any CPU.Build.0 = Debug|Any CPU
		{1B08A1E4-FA42-4A52-A71C-A42FB56313B2}.Release|Any CPU.ActiveCfg = Release|Any CPU
		{1B08A1E4-FA42-4A52-A71C-A42FB56313B2}.Release|Any CPU.Build.0 = Release|Any CPU
	EndGlobalSection
	GlobalSection(SolutionProperties) = preSolution
		HideSolutionNode = FALSE
	EndGlobalSection
	GlobalSection(ExtensibilityGlobals) = postSolution
		SolutionGuid = {FE6A9F6A-08AF-4058-A0BB-966AB5B3D9B3}
	EndGlobalSection
EndGlobal
